# THIS IS AN AUTOGENERATED FILE. DO NOT EDIT THIS FILE DIRECTLY.
# yarn lockfile v1


"@napi-rs/snappy-android-arm-eabi@7.2.2":
  version "7.2.2"
  resolved "https://registry.yarnpkg.com/@napi-rs/snappy-android-arm-eabi/-/snappy-android-arm-eabi-7.2.2.tgz#85fee3ba198dad4b444b5f12bceebcf72db0d65e"
  integrity sha512-H7DuVkPCK5BlAr1NfSU8bDEN7gYs+R78pSHhDng83QxRnCLmVIZk33ymmIwurmoA1HrdTxbkbuNl+lMvNqnytw==

"@napi-rs/snappy-android-arm64@7.2.2":
  version "7.2.2"
  resolved "https://registry.yarnpkg.com/@napi-rs/snappy-android-arm64/-/snappy-android-arm64-7.2.2.tgz#386219c790c729aa0ced7ac6e3ac846892c5dd6d"
  integrity sha512-2R/A3qok+nGtpVK8oUMcrIi5OMDckGYNoBLFyli3zp8w6IArPRfg1yOfVUcHvpUDTo9T7LOS1fXgMOoC796eQw==

"@napi-rs/snappy-darwin-arm64@7.2.2":
  version "7.2.2"
  resolved "https://registry.yarnpkg.com/@napi-rs/snappy-darwin-arm64/-/snappy-darwin-arm64-7.2.2.tgz#32bd351c695fbf60c899b365fff4f64bcd8b612c"
  integrity sha512-USgArHbfrmdbuq33bD5ssbkPIoT7YCXCRLmZpDS6dMDrx+iM7eD2BecNbOOo7/v1eu6TRmQ0xOzeQ6I/9FIi5g==

"@napi-rs/snappy-darwin-x64@7.2.2":
  version "7.2.2"
  resolved "https://registry.yarnpkg.com/@napi-rs/snappy-darwin-x64/-/snappy-darwin-x64-7.2.2.tgz#71a8fca67a1fccb6323b8520d8d90c6b5da7c577"
  integrity sha512-0APDu8iO5iT0IJKblk2lH0VpWSl9zOZndZKnBYIc+ei1npw2L5QvuErFOTeTdHBtzvUHASB+9bvgaWnQo4PvTQ==

"@napi-rs/snappy-freebsd-x64@7.2.2":
  version "7.2.2"
  resolved "https://registry.yarnpkg.com/@napi-rs/snappy-freebsd-x64/-/snappy-freebsd-x64-7.2.2.tgz#42102cbdaac39748520c9518c4fd9d3241d83a80"
  integrity sha512-mRTCJsuzy0o/B0Hnp9CwNB5V6cOJ4wedDTWEthsdKHSsQlO7WU9W1yP7H3Qv3Ccp/ZfMyrmG98Ad7u7lG58WXA==

"@napi-rs/snappy-linux-arm-gnueabihf@7.2.2":
  version "7.2.2"
  resolved "https://registry.yarnpkg.com/@napi-rs/snappy-linux-arm-gnueabihf/-/snappy-linux-arm-gnueabihf-7.2.2.tgz#7e26ff0d974153c8b87160e99f60259ee9e14f0d"
  integrity sha512-v1uzm8+6uYjasBPcFkv90VLZ+WhLzr/tnfkZ/iD9mHYiULqkqpRuC8zvc3FZaJy5wLQE9zTDkTJN1IvUcZ+Vcg==

"@napi-rs/snappy-linux-arm64-gnu@7.2.2":
  version "7.2.2"
  resolved "https://registry.yarnpkg.com/@napi-rs/snappy-linux-arm64-gnu/-/snappy-linux-arm64-gnu-7.2.2.tgz#992b2c4162da8d1da37ba2988700365975c21f3a"
  integrity sha512-LrEMa5pBScs4GXWOn6ZYXfQ72IzoolZw5txqUHVGs8eK4g1HR9HTHhb2oY5ySNaKakG5sOgMsb1rwaEnjhChmQ==

"@napi-rs/snappy-linux-arm64-musl@7.2.2":
  version "7.2.2"
  resolved "https://registry.yarnpkg.com/@napi-rs/snappy-linux-arm64-musl/-/snappy-linux-arm64-musl-7.2.2.tgz#808dbf14b8789a8be7ecebef7606311f4df694fd"
  integrity sha512-3orWZo9hUpGQcB+3aTLW7UFDqNCQfbr0+MvV67x8nMNYj5eAeUtMmUE/HxLznHO4eZ1qSqiTwLbVx05/Socdlw==

"@napi-rs/snappy-linux-x64-gnu@7.2.2":
  version "7.2.2"
  resolved "https://registry.yarnpkg.com/@napi-rs/snappy-linux-x64-gnu/-/snappy-linux-x64-gnu-7.2.2.tgz#681bfa25d8ed38a0bbec56827aa2762146c7e035"
  integrity sha512-jZt8Jit/HHDcavt80zxEkDpH+R1Ic0ssiVCoueASzMXa7vwPJeF4ZxZyqUw4qeSy7n8UUExomu8G8ZbP6VKhgw==

"@napi-rs/snappy-linux-x64-musl@7.2.2":
  version "7.2.2"
  resolved "https://registry.yarnpkg.com/@napi-rs/snappy-linux-x64-musl/-/snappy-linux-x64-musl-7.2.2.tgz#4607f33fd0ef95a11143deff0d465428abcaae5a"
  integrity sha512-Dh96IXgcZrV39a+Tej/owcd9vr5ihiZ3KRix11rr1v0MWtVb61+H1GXXlz6+Zcx9y8jM1NmOuiIuJwkV4vZ4WA==

"@napi-rs/snappy-win32-arm64-msvc@7.2.2":
  version "7.2.2"
  resolved "https://registry.yarnpkg.com/@napi-rs/snappy-win32-arm64-msvc/-/snappy-win32-arm64-msvc-7.2.2.tgz#88eb45cfdc66bb3c6b51f10903b29848f42a5c6d"
  integrity sha512-9No0b3xGbHSWv2wtLEn3MO76Yopn1U2TdemZpCaEgOGccz1V+a/1d16Piz3ofSmnA13HGFz3h9NwZH9EOaIgYA==

"@napi-rs/snappy-win32-ia32-msvc@7.2.2":
  version "7.2.2"
  resolved "https://registry.yarnpkg.com/@napi-rs/snappy-win32-ia32-msvc/-/snappy-win32-ia32-msvc-7.2.2.tgz#e336064445e3c764bc3464640584d191c0fcf6dc"
  integrity sha512-QiGe+0G86J74Qz1JcHtBwM3OYdTni1hX1PFyLRo3HhQUSpmi13Bzc1En7APn+6Pvo7gkrcy81dObGLDSxFAkQQ==

"@napi-rs/snappy-win32-x64-msvc@7.2.2":
  version "7.2.2"
  resolved "https://registry.yarnpkg.com/@napi-rs/snappy-win32-x64-msvc/-/snappy-win32-x64-msvc-7.2.2.tgz#4f598d3a5d50904d9f72433819f68b21eaec4f7d"
  integrity sha512-a43cyx1nK0daw6BZxVcvDEXxKMFLSBSDTAhsFD0VqSKcC7MGUBMaqyoWUcMiI7LBSz4bxUmxDWKfCYzpEmeb3w==

"@redis/bloom@1.2.0":
  version "1.2.0"
  resolved "https://registry.yarnpkg.com/@redis/bloom/-/bloom-1.2.0.tgz#d3fd6d3c0af3ef92f26767b56414a370c7b63b71"
  integrity sha512-HG2DFjYKbpNmVXsa0keLHp/3leGJz1mjh09f2RLGGLQZzSHpkmZWuwJbAvo3QcRY8p80m5+ZdXZdYOSBLlp7Cg==

"@redis/client@1.5.6":
  version "1.5.6"
  resolved "https://registry.yarnpkg.com/@redis/client/-/client-1.5.6.tgz#869cc65718d7d5493ef655a71dc40f3bc64a1b28"
  integrity sha512-dFD1S6je+A47Lj22jN/upVU2fj4huR7S9APd7/ziUXsIXDL+11GPYti4Suv5y8FuXaN+0ZG4JF+y1houEJ7ToA==
  dependencies:
    cluster-key-slot "1.1.2"
    generic-pool "3.9.0"
    yallist "4.0.0"

"@redis/graph@1.1.0":
  version "1.1.0"
  resolved "https://registry.yarnpkg.com/@redis/graph/-/graph-1.1.0.tgz#cc2b82e5141a29ada2cce7d267a6b74baa6dd519"
  integrity sha512-16yZWngxyXPd+MJxeSr0dqh2AIOi8j9yXKcKCwVaKDbH3HTuETpDVPcLujhFYVPtYrngSco31BUcSa9TH31Gqg==

"@redis/json@1.0.4":
  version "1.0.4"
  resolved "https://registry.yarnpkg.com/@redis/json/-/json-1.0.4.tgz#f372b5f93324e6ffb7f16aadcbcb4e5c3d39bda1"
  integrity sha512-LUZE2Gdrhg0Rx7AN+cZkb1e6HjoSKaeeW8rYnt89Tly13GBI5eP4CwDVr+MY8BAYfCg4/N15OUrtLoona9uSgw==

"@redis/search@1.1.2":
  version "1.1.2"
  resolved "https://registry.yarnpkg.com/@redis/search/-/search-1.1.2.tgz#6a8f66ba90812d39c2457420f859ce8fbd8f3838"
  integrity sha512-/cMfstG/fOh/SsE+4/BQGeuH/JJloeWuH+qJzM8dbxuWvdWibWAOAHHCZTMPhV3xIlH4/cUEIA8OV5QnYpaVoA==

"@redis/time-series@1.0.4":
  version "1.0.4"
  resolved "https://registry.yarnpkg.com/@redis/time-series/-/time-series-1.0.4.tgz#af85eb080f6934580e4d3b58046026b6c2b18717"
  integrity sha512-ThUIgo2U/g7cCuZavucQTQzA9g9JbDDY2f64u3AbAoz/8vE2lt2U37LamDUVChhaDA3IRT9R6VvJwqnUfTJzng==

cluster-key-slot@1.1.2:
  version "1.1.2"
  resolved "https://registry.yarnpkg.com/cluster-key-slot/-/cluster-key-slot-1.1.2.tgz#88ddaa46906e303b5de30d3153b7d9fe0a0c19ac"
  integrity sha512-RMr0FhtfXemyinomL4hrWcYJxmX6deFdCxpJzhDttxgO1+bcCnkk+9drydLVDmAMG7NE6aN/fl4F7ucU/90gAA==

dotenv@^16.0.3:
  version "16.0.3"
  resolved "https://registry.yarnpkg.com/dotenv/-/dotenv-16.0.3.tgz#115aec42bac5053db3c456db30cc243a5a836a07"
  integrity sha512-7GO6HghkA5fYG9TYnNxi14/7K9f5occMlp3zXAuSxn7CKCxt9xbNWG7yF8hTCSUchlfWSe3uLmlPfigevRItzQ==

generic-pool@3.9.0:
  version "3.9.0"
  resolved "https://registry.yarnpkg.com/generic-pool/-/generic-pool-3.9.0.tgz#36f4a678e963f4fdb8707eab050823abc4e8f5e4"
  integrity sha512-hymDOu5B53XvN4QT9dBmZxPX4CWhBPPLguTZ9MMFeFa/Kg0xWVfylOVNlJji/E7yTZWFd/q9GO5TxDLq156D7g==

redis@^4.6.5:
  version "4.6.5"
  resolved "https://registry.yarnpkg.com/redis/-/redis-4.6.5.tgz#f32fbde44429e96f562bb0c9b1db0143ab8cfa4f"
  integrity sha512-O0OWA36gDQbswOdUuAhRL6mTZpHFN525HlgZgDaVNgCJIAZR3ya06NTESb0R+TUZ+BFaDpz6NnnVvoMx9meUFg==
  dependencies:
    "@redis/bloom" "1.2.0"
    "@redis/client" "1.5.6"
    "@redis/graph" "1.1.0"
    "@redis/json" "1.0.4"
    "@redis/search" "1.1.2"
    "@redis/time-series" "1.0.4"

snappy@^7.2.2:
  version "7.2.2"
  resolved "https://registry.yarnpkg.com/snappy/-/snappy-7.2.2.tgz#dbd9217ae06b651c073856036618c2dc8992ef17"
  integrity sha512-iADMq1kY0v3vJmGTuKcFWSXt15qYUz7wFkArOrsSg0IFfI3nJqIJvK2/ZbEIndg7erIJLtAVX2nSOqPz7DcwbA==
  optionalDependencies:
    "@napi-rs/snappy-android-arm-eabi" "7.2.2"
    "@napi-rs/snappy-android-arm64" "7.2.2"
    "@napi-rs/snappy-darwin-arm64" "7.2.2"
    "@napi-rs/snappy-darwin-x64" "7.2.2"
    "@napi-rs/snappy-freebsd-x64" "7.2.2"
    "@napi-rs/snappy-linux-arm-gnueabihf" "7.2.2"
    "@napi-rs/snappy-linux-arm64-gnu" "7.2.2"
    "@napi-rs/snappy-linux-arm64-musl" "7.2.2"
    "@napi-rs/snappy-linux-x64-gnu" "7.2.2"
    "@napi-rs/snappy-linux-x64-musl" "7.2.2"
    "@napi-rs/snappy-win32-arm64-msvc" "7.2.2"
    "@napi-rs/snappy-win32-ia32-msvc" "7.2.2"
    "@napi-rs/snappy-win32-x64-msvc" "7.2.2"

yallist@4.0.0:
  version "4.0.0"
  resolved "https://registry.yarnpkg.com/yallist/-/yallist-4.0.0.tgz#9bb92790d9c0effec63be73519e11a35019a3a72"
  integrity sha512-3wdGidZyq5PB084XLES5TpOSRA3wjXAlIWMhum2kRcv/41Sn2emQ0dycQW4uZXLejwKvg6EsvbdlVL+FYEct7A==
